
Microsoft Visual Studio Solution File, Format Version 12.00
Project("{FAE04EC0-301F-11D3-BF4B-00C04F79EFBC}") = "aoc_05", "aoc_05.csproj", "{5B0628AF-D79E-4DDC-BE89-F61B6273168F}"
EndProject
Global
	GlobalSection(SolutionConfigurationPlatforms) = preSolution
		Debug|Any CPU = Debug|Any CPU
		Release|Any CPU = Release|Any CPU
	EndGlobalSection
	GlobalSection(ProjectConfigurationPlatforms) = postSolution
		{5B0628AF-D79E-4DDC-BE89-F61B6273168F}.Debug|Any CPU.ActiveCfg = Debug|Any CPU
		{5B0628AF-D79E-4DDC-BE89-F61B6273168F}.Debug|Any CPU.Build.0 = Debug|Any CPU
		{5B0628AF-D79E-4DDC-BE89-F61B6273168F}.Release|Any CPU.ActiveCfg = Release|Any CPU
		{5B0628AF-D79E-4DDC-BE89-F61B6273168F}.Release|Any CPU.Build.0 = Release|Any CPU
	EndGlobalSection
EndGlobal
